
Microsoft Visual Studio Solution File, Format Version 12.00
# Visual Studio 2013
VisualStudioVersion = 12.0.30501.0
MinimumVisualStudioVersion = 10.0.40219.1
Project("{2150E333-8FDC-42A3-9474-1A3956D46DE8}") = "IronPassword", "IronPassword", "{B43F20E5-BC0E-40BE-BCEA-01F3B0BD9246}"
EndProject
Project("{D954291E-2A0B-460D-934E-DC6B0785DB48}") = "IronPassword.Shared", "IronPassword\IronPassword.Shared\IronPassword.Shared.shproj", "{4B3BAE4D-E8BC-48DA-A123-78C69828DB3D}"
EndProject
Project("{FAE04EC0-301F-11D3-BF4B-00C04F79EFBC}") = "IronPassword.Windows", "IronPassword\IronPassword.Windows\IronPassword.Windows.csproj", "{11C2EB4E-6A27-40AF-8C83-D1239182AE58}"
EndProject
Project("{FAE04EC0-301F-11D3-BF4B-00C04F79EFBC}") = "IronPassword.WindowsPhone", "IronPassword\IronPassword.WindowsPhone\IronPassword.WindowsPhone.csproj", "{F12563E0-D2D4-4FD6-A603-67B0B1302EE9}"
EndProject
Global
	GlobalSection(SharedMSBuildProjectFiles) = preSolution
		IronPassword\IronPassword.Shared\IronPassword.Shared.projitems*{11c2eb4e-6a27-40af-8c83-d1239182ae58}*SharedItemsImports = 4
		IronPassword\IronPassword.Shared\IronPassword.Shared.projitems*{4b3bae4d-e8bc-48da-a123-78c69828db3d}*SharedItemsImports = 13
		IronPassword\IronPassword.Shared\IronPassword.Shared.projitems*{f12563e0-d2d4-4fd6-a603-67b0b1302ee9}*SharedItemsImports = 4
	EndGlobalSection
	GlobalSection(SolutionConfigurationPlatforms) = preSolution
		Debug|Any CPU = Debug|Any CPU
		Debug|ARM = Debug|ARM
		Debug|x64 = Debug|x64
		Debug|x86 = Debug|x86
		Release|Any CPU = Release|Any CPU
		Release|ARM = Release|ARM
		Release|x64 = Release|x64
		Release|x86 = Release|x86
	EndGlobalSection
	GlobalSection(ProjectConfigurationPlatforms) = postSolution
		{11C2EB4E-6A27-40AF-8C83-D1239182AE58}.Debug|Any CPU.ActiveCfg = Debug|Any CPU
		{11C2EB4E-6A27-40AF-8C83-D1239182AE58}.Debug|Any CPU.Build.0 = Debug|Any CPU
		{11C2EB4E-6A27-40AF-8C83-D1239182AE58}.Debug|Any CPU.Deploy.0 = Debug|Any CPU
		{11C2EB4E-6A27-40AF-8C83-D1239182AE58}.Debug|ARM.ActiveCfg = Debug|ARM
		{11C2EB4E-6A27-40AF-8C83-D1239182AE58}.Debug|ARM.Build.0 = Debug|ARM
		{11C2EB4E-6A27-40AF-8C83-D1239182AE58}.Debug|ARM.Deploy.0 = Debug|ARM
		{11C2EB4E-6A27-40AF-8C83-D1239182AE58}.Debug|x64.ActiveCfg = Debug|x64
		{11C2EB4E-6A27-40AF-8C83-D1239182AE58}.Debug|x64.Build.0 = Debug|x64
		{11C2EB4E-6A27-40AF-8C83-D1239182AE58}.Debug|x64.Deploy.0 = Debug|x64
		{11C2EB4E-6A27-40AF-8C83-D1239182AE58}.Debug|x86.ActiveCfg = Debug|x86
		{11C2EB4E-6A27-40AF-8C83-D1239182AE58}.Debug|x86.Build.0 = Debug|x86
		{11C2EB4E-6A27-40AF-8C83-D1239182AE58}.Debug|x86.Deploy.0 = Debug|x86
		{11C2EB4E-6A27-40AF-8C83-D1239182AE58}.Release|Any CPU.ActiveCfg = Release|Any CPU
		{11C2EB4E-6A27-40AF-8C83-D1239182AE58}.Release|Any CPU.Build.0 = Release|Any CPU
		{11C2EB4E-6A27-40AF-8C83-D1239182AE58}.Release|Any CPU.Deploy.0 = Release|Any CPU
		{11C2EB4E-6A27-40AF-8C83-D1239182AE58}.Release|ARM.ActiveCfg = Release|ARM
		{11C2EB4E-6A27-40AF-8C83-D1239182AE58}.Release|ARM.Build.0 = Release|ARM
		{11C2EB4E-6A27-40AF-8C83-D1239182AE58}.Release|ARM.Deploy.0 = Release|ARM
		{11C2EB4E-6A27-40AF-8C83-D1239182AE58}.Release|x64.ActiveCfg = Release|x64
		{11C2EB4E-6A27-40AF-8C83-D1239182AE58}.Release|x64.Build.0 = Release|x64
		{11C2EB4E-6A27-40AF-8C83-D1239182AE58}.Release|x64.Deploy.0 = Release|x64
		{11C2EB4E-6A27-40AF-8C83-D1239182AE58}.Release|x86.ActiveCfg = Release|x86
		{11C2EB4E-6A27-40AF-8C83-D1239182AE58}.Release|x86.Build.0 = Release|x86
		{11C2EB4E-6A27-40AF-8C83-D1239182AE58}.Release|x86.Deploy.0 = Release|x86
		{F12563E0-D2D4-4FD6-A603-67B0B1302EE9}.Debug|Any CPU.ActiveCfg = Debug|Any CPU
		{F12563E0-D2D4-4FD6-A603-67B0B1302EE9}.Debug|Any CPU.Build.0 = Debug|Any CPU
		{F12563E0-D2D4-4FD6-A603-67B0B1302EE9}.Debug|Any CPU.Deploy.0 = Debug|Any CPU
		{F12563E0-D2D4-4FD6-A603-67B0B1302EE9}.Debug|ARM.ActiveCfg = Debug|ARM
		{F12563E0-D2D4-4FD6-A603-67B0B1302EE9}.Debug|ARM.Build.0 = Debug|ARM
		{F12563E0-D2D4-4FD6-A603-67B0B1302EE9}.Debug|ARM.Deploy.0 = Debug|ARM
		{F12563E0-D2D4-4FD6-A603-67B0B1302EE9}.Debug|x64.ActiveCfg = Debug|Any CPU
		{F12563E0-D2D4-4FD6-A603-67B0B1302EE9}.Debug|x86.ActiveCfg = Debug|x86
		{F12563E0-D2D4-4FD6-A603-67B0B1302EE9}.Debug|x86.Build.0 = Debug|x86
		{F12563E0-D2D4-4FD6-A603-67B0B1302EE9}.Debug|x86.Deploy.0 = Debug|x86
		{F12563E0-D2D4-4FD6-A603-67B0B1302EE9}.Release|Any CPU.ActiveCfg = Release|Any CPU
		{F12563E0-D2D4-4FD6-A603-67B0B1302EE9}.Release|Any CPU.Build.0 = Release|Any CPU
		{F12563E0-D2D4-4FD6-A603-67B0B1302EE9}.Release|Any CPU.Deploy.0 = Release|Any CPU
		{F12563E0-D2D4-4FD6-A603-67B0B1302EE9}.Release|ARM.ActiveCfg = Release|ARM
		{F12563E0-D2D4-4FD6-A603-67B0B1302EE9}.Release|ARM.Build.0 = Release|ARM
		{F12563E0-D2D4-4FD6-A603-67B0B1302EE9}.Release|ARM.Deploy.0 = Release|ARM
		{F12563E0-D2D4-4FD6-A603-67B0B1302EE9}.Release|x64.ActiveCfg = Release|Any CPU
		{F12563E0-D2D4-4FD6-A603-67B0B1302EE9}.Release|x86.ActiveCfg = Release|x86
		{F12563E0-D2D4-4FD6-A603-67B0B1302EE9}.Release|x86.Build.0 = Release|x86
		{F12563E0-D2D4-4FD6-A603-67B0B1302EE9}.Release|x86.Deploy.0 = Release|x86
	EndGlobalSection
	GlobalSection(SolutionProperties) = preSolution
		HideSolutionNode = FALSE
	EndGlobalSection
	GlobalSection(NestedProjects) = preSolution
		{4B3BAE4D-E8BC-48DA-A123-78C69828DB3D} = {B43F20E5-BC0E-40BE-BCEA-01F3B0BD9246}
		{11C2EB4E-6A27-40AF-8C83-D1239182AE58} = {B43F20E5-BC0E-40BE-BCEA-01F3B0BD9246}
		{F12563E0-D2D4-4FD6-A603-67B0B1302EE9} = {B43F20E5-BC0E-40BE-BCEA-01F3B0BD9246}
	EndGlobalSection
EndGlobal
